
Microsoft Visual Studio Solution File, Format Version 12.00
# Visual Studio Version 17
VisualStudioVersion = 17.13.35931.197 d17.13
MinimumVisualStudioVersion = 10.0.40219.1
Project("{FAE04EC0-301F-11D3-BF4B-00C04F79EFBC}") = "StudentsAdminUsers", "StudentsAdminUsers\StudentsAdminUsers.csproj", "{EA3FB3F6-0F21-4633-8327-264092C7C7A6}"
EndProject
Global
	GlobalSection(SolutionConfigurationPlatforms) = preSolution
		Debug|Any CPU = Debug|Any CPU
		Release|Any CPU = Release|Any CPU
	EndGlobalSection
	GlobalSection(ProjectConfigurationPlatforms) = postSolution
		{EA3FB3F6-0F21-4633-8327-264092C7C7A6}.Debug|Any CPU.ActiveCfg = Debug|Any CPU
		{EA3FB3F6-0F21-4633-8327-264092C7C7A6}.Debug|Any CPU.Build.0 = Debug|Any CPU
		{EA3FB3F6-0F21-4633-8327-264092C7C7A6}.Release|Any CPU.ActiveCfg = Release|Any CPU
		{EA3FB3F6-0F21-4633-8327-264092C7C7A6}.Release|Any CPU.Build.0 = Release|Any CPU
	EndGlobalSection
	GlobalSection(SolutionProperties) = preSolution
		HideSolutionNode = FALSE
	EndGlobalSection
	GlobalSection(ExtensibilityGlobals) = postSolution
		SolutionGuid = {BBEB22BC-7F3D-40AF-BC1E-6301BFD6B383}
	EndGlobalSection
EndGlobal
